// !$*UTF8*$!
{
	archiveVersion = 1;
	classes = {
	};
	objectVersion = 46;
	objects = {

/* Begin PBXBuildFile section */
		B3C3E2211D0C7411005B548C /* AppDelegate.swift in Sources */ = {isa = PBXBuildFile; fileRef = B3C3E2201D0C7411005B548C /* AppDelegate.swift */; };
		B3C3E2231D0C7411005B548C /* ViewController.swift in Sources */ = {isa = PBXBuildFile; fileRef = B3C3E2221D0C7411005B548C /* ViewController.swift */; };
		B3C3E2261D0C7411005B548C /* Main.storyboard in Resources */ = {isa = PBXBuildFile; fileRef = B3C3E2241D0C7411005B548C /* Main.storyboard */; };
		B3C3E2281D0C7411005B548C /* Assets.xcassets in Resources */ = {isa = PBXBuildFile; fileRef = B3C3E2271D0C7411005B548C /* Assets.xcassets */; };
		B3C3E22B1D0C7411005B548C /* LaunchScreen.storyboard in Resources */ = {isa = PBXBuildFile; fileRef = B3C3E2291D0C7411005B548C /* LaunchScreen.storyboard */; };
		B3C3E2361D0C7411005B548C /* firstgameTests.swift in Sources */ = {isa = PBXBuildFile; fileRef = B3C3E2351D0C7411005B548C /* firstgameTests.swift */; };
		B3C3E2411D0C7411005B548C /* firstgameUITests.swift in Sources */ = {isa = PBXBuildFile; fileRef = B3C3E2401D0C7411005B548C /* firstgameUITests.swift */; };
		B3C3E24F1D0C7456005B548C /* Character.swift in Sources */ = {isa = PBXBuildFile; fileRef = B3C3E24E1D0C7456005B548C /* Character.swift */; };
		B3C3E2511D0C7E40005B548C /* Knight.swift in Sources */ = {isa = PBXBuildFile; fileRef = B3C3E2501D0C7E40005B548C /* Knight.swift */; };
		B3C3E2531D0C7EFB005B548C /* Orc.swift in Sources */ = {isa = PBXBuildFile; fileRef = B3C3E2521D0C7EFB005B548C /* Orc.swift */; };
/* End PBXBuildFile section */

/* Begin PBXContainerItemProxy section */
		B3C3E2321D0C7411005B548C /* PBXContainerItemProxy */ = {
			isa = PBXContainerItemProxy;
			containerPortal = B3C3E2151D0C7411005B548C /* Project object */;
			proxyType = 1;
			remoteGlobalIDString = B3C3E21C1D0C7411005B548C;
			remoteInfo = firstgame;
		};
		B3C3E23D1D0C7411005B548C /* PBXContainerItemProxy */ = {
			isa = PBXContainerItemProxy;
			containerPortal = B3C3E2151D0C7411005B548C /* Project object */;
			proxyType = 1;
			remoteGlobalIDString = B3C3E21C1D0C7411005B548C;
			remoteInfo = firstgame;
		};
/* End PBXContainerItemProxy section */

/* Begin PBXFileReference section */
		B3C3E21D1D0C7411005B548C /* firstgame.app */ = {isa = PBXFileReference; explicitFileType = wrapper.application; includeInIndex = 0; path = firstgame.app; sourceTree = BUILT_PRODUCTS_DIR; };
		B3C3E2201D0C7411005B548C /* AppDelegate.swift */ = {isa = PBXFileReference; lastKnownFileType = sourcecode.swift; path = AppDelegate.swift; sourceTree = "<group>"; };
		B3C3E2221D0C7411005B548C /* ViewController.swift */ = {isa = PBXFileReference; lastKnownFileType = sourcecode.swift; path = ViewController.swift; sourceTree = "<group>"; };
		B3C3E2251D0C7411005B548C /* Base */ = {isa = PBXFileReference; lastKnownFileType = file.storyboard; name = Base; path = Base.lproj/Main.storyboard; sourceTree = "<group>"; };
		B3C3E2271D0C7411005B548C /* Assets.xcassets */ = {isa = PBXFileReference; lastKnownFileType = folder.assetcatalog; path = Assets.xcassets; sourceTree = "<group>"; };
		B3C3E22A1D0C7411005B548C /* Base */ = {isa = PBXFileReference; lastKnownFileType = file.storyboard; name = Base; path = Base.lproj/LaunchScreen.storyboard; sourceTree = "<group>"; };
		B3C3E22C1D0C7411005B548C /* Info.plist */ = {isa = PBXFileReference; lastKnownFileType = text.plist.xml; path = Info.plist; sourceTree = "<group>"; };
		B3C3E2311D0C7411005B548C /* firstgameTests.xctest */ = {isa = PBXFileReference; explicitFileType = wrapper.cfbundle; includeInIndex = 0; path = firstgameTests.xctest; sourceTree = BUILT_PRODUCTS_DIR; };
		B3C3E2351D0C7411005B548C /* firstgameTests.swift */ = {isa = PBXFileReference; lastKnownFileType = sourcecode.swift; path = firstgameTests.swift; sourceTree = "<group>"; };
		B3C3E2371D0C7411005B548C /* Info.plist */ = {isa = PBXFileReference; lastKnownFileType = text.plist.xml; path = Info.plist; sourceTree = "<group>"; };
		B3C3E23C1D0C7411005B548C /* firstgameUITests.xctest */ = {isa = PBXFileReference; explicitFileType = wrapper.cfbundle; includeInIndex = 0; path = firstgameUITests.xctest; sourceTree = BUILT_PRODUCTS_DIR; };
		B3C3E2401D0C7411005B548C /* firstgameUITests.swift */ = {isa = PBXFileReference; lastKnownFileType = sourcecode.swift; path = firstgameUITests.swift; sourceTree = "<group>"; };
		B3C3E2421D0C7411005B548C /* Info.plist */ = {isa = PBXFileReference; lastKnownFileType = text.plist.xml; path = Info.plist; sourceTree = "<group>"; };
		B3C3E24E1D0C7456005B548C /* Character.swift */ = {isa = PBXFileReference; fileEncoding = 4; lastKnownFileType = sourcecode.swift; path = Character.swift; sourceTree = "<group>"; };
		B3C3E2501D0C7E40005B548C /* Knight.swift */ = {isa = PBXFileReference; fileEncoding = 4; lastKnownFileType = sourcecode.swift; path = Knight.swift; sourceTree = "<group>"; };
		B3C3E2521D0C7EFB005B548C /* Orc.swift */ = {isa = PBXFileReference; fileEncoding = 4; lastKnownFileType = sourcecode.swift; path = Orc.swift; sourceTree = "<group>"; };
/* End PBXFileReference section */

/* Begin PBXFrameworksBuildPhase section */
		B3C3E21A1D0C7411005B548C /* Frameworks */ = {
			isa = PBXFrameworksBuildPhase;
			buildActionMask = 2147483647;
			files = (
			);
			runOnlyForDeploymentPostprocessing = 0;
		};
		B3C3E22E1D0C7411005B548C /* Frameworks */ = {
			isa = PBXFrameworksBuildPhase;
			buildActionMask = 2147483647;
			files = (
			);
			runOnlyForDeploymentPostprocessing = 0;
		};
		B3C3E2391D0C7411005B548C /* Frameworks */ = {
			isa = PBXFrameworksBuildPhase;
			buildActionMask = 2147483647;
			files = (
			);
			runOnlyForDeploymentPostprocessing = 0;
		};
/* End PBXFrameworksBuildPhase section */

/* Begin PBXGroup section */
		B3C3E2141D0C7411005B548C = {
			isa = PBXGroup;
			children = (
				B3C3E21F1D0C7411005B548C /* firstgame */,
				B3C3E2341D0C7411005B548C /* firstgameTests */,
				B3C3E23F1D0C7411005B548C /* firstgameUITests */,
				B3C3E21E1D0C7411005B548C /* Products */,
			);
			sourceTree = "<group>";
		};
		B3C3E21E1D0C7411005B548C /* Products */ = {
			isa = PBXGroup;
			children = (
				B3C3E21D1D0C7411005B548C /* firstgame.app */,
				B3C3E2311D0C7411005B548C /* firstgameTests.xctest */,
				B3C3E23C1D0C7411005B548C /* firstgameUITests.xctest */,
			);
			name = Products;
			sourceTree = "<group>";
		};
		B3C3E21F1D0C7411005B548C /* firstgame */ = {
			isa = PBXGroup;
			children = (
				B3C3E2201D0C7411005B548C /* AppDelegate.swift */,
				B3C3E2221D0C7411005B548C /* ViewController.swift */,
				B3C3E2241D0C7411005B548C /* Main.storyboard */,
				B3C3E2271D0C7411005B548C /* Assets.xcassets */,
				B3C3E2291D0C7411005B548C /* LaunchScreen.storyboard */,
				B3C3E22C1D0C7411005B548C /* Info.plist */,
				B3C3E24E1D0C7456005B548C /* Character.swift */,
				B3C3E2501D0C7E40005B548C /* Knight.swift */,
				B3C3E2521D0C7EFB005B548C /* Orc.swift */,
			);
			path = firstgame;
			sourceTree = "<group>";
		};
		B3C3E2341D0C7411005B548C /* firstgameTests */ = {
			isa = PBXGroup;
			children = (
				B3C3E2351D0C7411005B548C /* firstgameTests.swift */,
				B3C3E2371D0C7411005B548C /* Info.plist */,
			);
			path = firstgameTests;
			sourceTree = "<group>";
		};
		B3C3E23F1D0C7411005B548C /* firstgameUITests */ = {
			isa = PBXGroup;
			children = (
				B3C3E2401D0C7411005B548C /* firstgameUITests.swift */,
				B3C3E2421D0C7411005B548C /* Info.plist */,
			);
			path = firstgameUITests;
			sourceTree = "<group>";
		};
/* End PBXGroup section */

/* Begin PBXNativeTarget section */
		B3C3E21C1D0C7411005B548C /* firstgame */ = {
			isa = PBXNativeTarget;
			buildConfigurationList = B3C3E2451D0C7411005B548C /* Build configuration list for PBXNativeTarget "firstgame" */;
			buildPhases = (
				B3C3E2191D0C7411005B548C /* Sources */,
				B3C3E21A1D0C7411005B548C /* Frameworks */,
				B3C3E21B1D0C7411005B548C /* Resources */,
			);
			buildRules = (
			);
			dependencies = (
			);
			name = firstgame;
			productName = firstgame;
			productReference = B3C3E21D1D0C7411005B548C /* firstgame.app */;
			productType = "com.apple.product-type.application";
		};
		B3C3E2301D0C7411005B548C /* firstgameTests */ = {
			isa = PBXNativeTarget;
			buildConfigurationList = B3C3E2481D0C7411005B548C /* Build configuration list for PBXNativeTarget "firstgameTests" */;
			buildPhases = (
				B3C3E22D1D0C7411005B548C /* Sources */,
				B3C3E22E1D0C7411005B548C /* Frameworks */,
				B3C3E22F1D0C7411005B548C /* Resources */,
			);
			buildRules = (
			);
			dependencies = (
				B3C3E2331D0C7411005B548C /* PBXTargetDependency */,
			);
			name = firstgameTests;
			productName = firstgameTests;
			productReference = B3C3E2311D0C7411005B548C /* firstgameTests.xctest */;
			productType = "com.apple.product-type.bundle.unit-test";
		};
		B3C3E23B1D0C7411005B548C /* firstgameUITests */ = {
			isa = PBXNativeTarget;
			buildConfigurationList = B3C3E24B1D0C7411005B548C /* Build configuration list for PBXNativeTarget "firstgameUITests" */;
			buildPhases = (
				B3C3E2381D0C7411005B548C /* Sources */,
				B3C3E2391D0C7411005B548C /* Frameworks */,
				B3C3E23A1D0C7411005B548C /* Resources */,
			);
			buildRules = (
			);
			dependencies = (
				B3C3E23E1D0C7411005B548C /* PBXTargetDependency */,
			);
			name = firstgameUITests;
			productName = firstgameUITests;
			productReference = B3C3E23C1D0C7411005B548C /* firstgameUITests.xctest */;
			productType = "com.apple.product-type.bundle.ui-testing";
		};
/* End PBXNativeTarget section */

/* Begin PBXProject section */
		B3C3E2151D0C7411005B548C /* Project object */ = {
			isa = PBXProject;
			attributes = {
				LastSwiftUpdateCheck = 0730;
				LastUpgradeCheck = 0730;
				ORGANIZATIONNAME = webmate;
				TargetAttributes = {
					B3C3E21C1D0C7411005B548C = {
						CreatedOnToolsVersion = 7.3.1;
					};
					B3C3E2301D0C7411005B548C = {
						CreatedOnToolsVersion = 7.3.1;
						TestTargetID = B3C3E21C1D0C7411005B548C;
					};
					B3C3E23B1D0C7411005B548C = {
						CreatedOnToolsVersion = 7.3.1;
						TestTargetID = B3C3E21C1D0C7411005B548C;
					};
				};
			};
			buildConfigurationList = B3C3E2181D0C7411005B548C /* Build configuration list for PBXProject "firstgame" */;
			compatibilityVersion = "Xcode 3.2";
			developmentRegion = English;
			hasScannedForEncodings = 0;
			knownRegions = (
				en,
				Base,
			);
			mainGroup = B3C3E2141D0C7411005B548C;
			productRefGroup = B3C3E21E1D0C7411005B548C /* Products */;
			projectDirPath = "";
			projectRoot = "";
			targets = (
				B3C3E21C1D0C7411005B548C /* firstgame */,
				B3C3E2301D0C7411005B548C /* firstgameTests */,
				B3C3E23B1D0C7411005B548C /* firstgameUITests */,
			);
		};
/* End PBXProject section */

/* Begin PBXResourcesBuildPhase section */
		B3C3E21B1D0C7411005B548C /* Resources */ = {
			isa = PBXResourcesBuildPhase;
			buildActionMask = 2147483647;
			files = (
				B3C3E22B1D0C7411005B548C /* LaunchScreen.storyboard in Resources */,
				B3C3E2281D0C7411005B548C /* Assets.xcassets in Resources */,
				B3C3E2261D0C7411005B548C /* Main.storyboard in Resources */,
			);
			runOnlyForDeploymentPostprocessing = 0;
		};
		B3C3E22F1D0C7411005B548C /* Resources */ = {
			isa = PBXResourcesBuildPhase;
			buildActionMask = 2147483647;
			files = (
			);
			runOnlyForDeploymentPostprocessing = 0;
		};
		B3C3E23A1D0C7411005B548C /* Resources */ = {
			isa = PBXResourcesBuildPhase;
			buildActionMask = 2147483647;
			files = (
			);
			runOnlyForDeploymentPostprocessing = 0;
		};
/* End PBXResourcesBuildPhase section */

/* Begin PBXSourcesBuildPhase section */
		B3C3E2191D0C7411005B548C /* Sources */ = {
			isa = PBXSourcesBuildPhase;
			buildActionMask = 2147483647;
			files = (
				B3C3E2511D0C7E40005B548C /* Knight.swift in Sources */,
				B3C3E24F1D0C7456005B548C /* Character.swift in Sources */,
				B3C3E2231D0C7411005B548C /* ViewController.swift in Sources */,
				B3C3E2531D0C7EFB005B548C /* Orc.swift in Sources */,
				B3C3E2211D0C7411005B548C /* AppDelegate.swift in Sources */,
			);
			runOnlyForDeploymentPostprocessing = 0;
		};
		B3C3E22D1D0C7411005B548C /* Sources */ = {
			isa = PBXSourcesBuildPhase;
			buildActionMask = 2147483647;
			files = (
				B3C3E2361D0C7411005B548C /* firstgameTests.swift in Sources */,
			);
			runOnlyForDeploymentPostprocessing = 0;
		};
		B3C3E2381D0C7411005B548C /* Sources */ = {
			isa = PBXSourcesBuildPhase;
			buildActionMask = 2147483647;
			files = (
				B3C3E2411D0C7411005B548C /* firstgameUITests.swift in Sources */,
			);
			runOnlyForDeploymentPostprocessing = 0;
		};
/* End PBXSourcesBuildPhase section */

/* Begin PBXTargetDependency section */
		B3C3E2331D0C7411005B548C /* PBXTargetDependency */ = {
			isa = PBXTargetDependency;
			target = B3C3E21C1D0C7411005B548C /* firstgame */;
			targetProxy = B3C3E2321D0C7411005B548C /* PBXContainerItemProxy */;
		};
		B3C3E23E1D0C7411005B548C /* PBXTargetDependency */ = {
			isa = PBXTargetDependency;
			target = B3C3E21C1D0C7411005B548C /* firstgame */;
			targetProxy = B3C3E23D1D0C7411005B548C /* PBXContainerItemProxy */;
		};
/* End PBXTargetDependency section */

/* Begin PBXVariantGroup section */
		B3C3E2241D0C7411005B548C /* Main.storyboard */ = {
			isa = PBXVariantGroup;
			children = (
				B3C3E2251D0C7411005B548C /* Base */,
			);
			name = Main.storyboard;
			sourceTree = "<group>";
		};
		B3C3E2291D0C7411005B548C /* LaunchScreen.storyboard */ = {
			isa = PBXVariantGroup;
			children = (
				B3C3E22A1D0C7411005B548C /* Base */,
			);
			name = LaunchScreen.storyboard;
			sourceTree = "<group>";
		};
/* End PBXVariantGroup section */

/* Begin XCBuildConfiguration section */
		B3C3E2431D0C7411005B548C /* Debug */ = {
			isa = XCBuildConfiguration;
			buildSettings = {
				ALWAYS_SEARCH_USER_PATHS = NO;
				CLANG_ANALYZER_NONNULL = YES;
				CLANG_CXX_LANGUAGE_STANDARD = "gnu++0x";
				CLANG_CXX_LIBRARY = "libc++";
				CLANG_ENABLE_MODULES = YES;
				CLANG_ENABLE_OBJC_ARC = YES;
				CLANG_WARN_BOOL_CONVERSION = YES;
				CLANG_WARN_CONSTANT_CONVERSION = YES;
				CLANG_WARN_DIRECT_OBJC_ISA_USAGE = YES_ERROR;
				CLANG_WARN_EMPTY_BODY = YES;
				CLANG_WARN_ENUM_CONVERSION = YES;
				CLANG_WARN_INT_CONVERSION = YES;
				CLANG_WARN_OBJC_ROOT_CLASS = YES_ERROR;
				CLANG_WARN_UNREACHABLE_CODE = YES;
				CLANG_WARN__DUPLICATE_METHOD_MATCH = YES;
				"CODE_SIGN_IDENTITY[sdk=iphoneos*]" = "iPhone Developer";
				COPY_PHASE_STRIP = NO;
				DEBUG_INFORMATION_FORMAT = dwarf;
				ENABLE_STRICT_OBJC_MSGSEND = YES;
				ENABLE_TESTABILITY = YES;
				GCC_C_LANGUAGE_STANDARD = gnu99;
				GCC_DYNAMIC_NO_PIC = NO;
				GCC_NO_COMMON_BLOCKS = YES;
				GCC_OPTIMIZATION_LEVEL = 0;
				GCC_PREPROCESSOR_DEFINITIONS = (
					"DEBUG=1",
					"$(inherited)",
				);
				GCC_WARN_64_TO_32_BIT_CONVERSION = YES;
				GCC_WARN_ABOUT_RETURN_TYPE = YES_ERROR;
				GCC_WARN_UNDECLARED_SELECTOR = YES;
				GCC_WARN_UNINITIALIZED_AUTOS = YES_AGGRESSIVE;
				GCC_WARN_UNUSED_FUNCTION = YES;
				GCC_WARN_UNUSED_VARIABLE = YES;
				IPHONEOS_DEPLOYMENT_TARGET = 9.3;
				MTL_ENABLE_DEBUG_INFO = YES;
				ONLY_ACTIVE_ARCH = YES;
				SDKROOT = iphoneos;
				SWIFT_OPTIMIZATION_LEVEL = "-Onone";
				TARGETED_DEVICE_FAMILY = "1,2";
			};
			name = Debug;
		};
		B3C3E2441D0C7411005B548C /* Release */ = {
			isa = XCBuildConfiguration;
			buildSettings = {
				ALWAYS_SEARCH_USER_PATHS = NO;
				CLANG_ANALYZER_NONNULL = YES;
				CLANG_CXX_LANGUAGE_STANDARD = "gnu++0x";
				CLANG_CXX_LIBRARY = "libc++";
				CLANG_ENABLE_MODULES = YES;
				CLANG_ENABLE_OBJC_ARC = YES;
				CLANG_WARN_BOOL_CONVERSION = YES;
				CLANG_WARN_CONSTANT_CONVERSION = YES;
				CLANG_WARN_DIRECT_OBJC_ISA_USAGE = YES_ERROR;
				CLANG_WARN_EMPTY_BODY = YES;
				CLANG_WARN_ENUM_CONVERSION = YES;
				CLANG_WARN_INT_CONVERSION = YES;
				CLANG_WARN_OBJC_ROOT_CLASS = YES_ERROR;
				CLANG_WARN_UNREACHABLE_CODE = YES;
				CLANG_WARN__DUPLICATE_METHOD_MATCH = YES;
				"CODE_SIGN_IDENTITY[sdk=iphoneos*]" = "iPhone Developer";
				COPY_PHASE_STRIP = NO;
				DEBUG_INFORMATION_FORMAT = "dwarf-with-dsym";
				ENABLE_NS_ASSERTIONS = NO;
				ENABLE_STRICT_OBJC_MSGSEND = YES;
				GCC_C_LANGUAGE_STANDARD = gnu99;
				GCC_NO_COMMON_BLOCKS = YES;
				GCC_WARN_64_TO_32_BIT_CONVERSION = YES;
				GCC_WARN_ABOUT_RETURN_TYPE = YES_ERROR;
				GCC_WARN_UNDECLARED_SELECTOR = YES;
				GCC_WARN_UNINITIALIZED_AUTOS = YES_AGGRESSIVE;
				GCC_WARN_UNUSED_FUNCTION = YES;
				GCC_WARN_UNUSED_VARIABLE = YES;
				IPHONEOS_DEPLOYMENT_TARGET = 9.3;
				MTL_ENABLE_DEBUG_INFO = NO;
				SDKROOT = iphoneos;
				TARGETED_DEVICE_FAMILY = "1,2";
				VALIDATE_PRODUCT = YES;
			};
			name = Release;
		};
		B3C3E2461D0C7411005B548C /* Debug */ = {
			isa = XCBuildConfiguration;
			buildSettings = {
				ASSETCATALOG_COMPILER_APPICON_NAME = AppIcon;
				INFOPLIST_FILE = firstgame/Info.plist;
				LD_RUNPATH_SEARCH_PATHS = "$(inherited) @executable_path/Frameworks";
				PRODUCT_BUNDLE_IDENTIFIER = wemate.com.firstgame;
				PRODUCT_NAME = "$(TARGET_NAME)";
				TARGETED_DEVICE_FAMILY = "1,2";
			};
			name = Debug;
		};
		B3C3E2471D0C7411005B548C /* Release */ = {
			isa = XCBuildConfiguration;
			buildSettings = {
				ASSETCATALOG_COMPILER_APPICON_NAME = AppIcon;
				INFOPLIST_FILE = firstgame/Info.plist;
				LD_RUNPATH_SEARCH_PATHS = "$(inherited) @executable_path/Frameworks";
				PRODUCT_BUNDLE_IDENTIFIER = wemate.com.firstgame;
				PRODUCT_NAME = "$(TARGET_NAME)";
				TARGETED_DEVICE_FAMILY = "1,2";
			};
			name = Release;
		};
		B3C3E2491D0C7411005B548C /* Debug */ = {
			isa = XCBuildConfiguration;
			buildSettings = {
				BUNDLE_LOADER = "$(TEST_HOST)";
				INFOPLIST_FILE = firstgameTests/Info.plist;
				LD_RUNPATH_SEARCH_PATHS = "$(inherited) @executable_path/Frameworks @loader_path/Frameworks";
				PRODUCT_BUNDLE_IDENTIFIER = wemate.com.firstgameTests;
				PRODUCT_NAME = "$(TARGET_NAME)";
				TEST_HOST = "$(BUILT_PRODUCTS_DIR)/firstgame.app/firstgame";
			};
			name = Debug;
		};
		B3C3E24A1D0C7411005B548C /* Release */ = {
			isa = XCBuildConfiguration;
			buildSettings = {
				BUNDLE_LOADER = "$(TEST_HOST)";
				INFOPLIST_FILE = firstgameTests/Info.plist;
				LD_RUNPATH_SEARCH_PATHS = "$(inherited) @executable_path/Frameworks @loader_path/Frameworks";
				PRODUCT_BUNDLE_IDENTIFIER = wemate.com.firstgameTests;
				PRODUCT_NAME = "$(TARGET_NAME)";
				TEST_HOST = "$(BUILT_PRODUCTS_DIR)/firstgame.app/firstgame";
			};
			name = Release;
		};
		B3C3E24C1D0C7411005B548C /* Debug */ = {
			isa = XCBuildConfiguration;
			buildSettings = {
				INFOPLIST_FILE = firstgameUITests/Info.plist;
				LD_RUNPATH_SEARCH_PATHS = "$(inherited) @executable_path/Frameworks @loader_path/Frameworks";
				PRODUCT_BUNDLE_IDENTIFIER = wemate.com.firstgameUITests;
				PRODUCT_NAME = "$(TARGET_NAME)";
				TEST_TARGET_NAME = firstgame;
			};
			name = Debug;
		};
		B3C3E24D1D0C7411005B548C /* Release */ = {
			isa = XCBuildConfiguration;
			buildSettings = {
				INFOPLIST_FILE = firstgameUITests/Info.plist;
				LD_RUNPATH_SEARCH_PATHS = "$(inherited) @executable_path/Frameworks @loader_path/Frameworks";
				PRODUCT_BUNDLE_IDENTIFIER = wemate.com.firstgameUITests;
				PRODUCT_NAME = "$(TARGET_NAME)";
				TEST_TARGET_NAME = firstgame;
			};
			name = Release;
		};
/* End XCBuildConfiguration section */

/* Begin XCConfigurationList section */
		B3C3E2181D0C7411005B548C /* Build configuration list for PBXProject "firstgame" */ = {
			isa = XCConfigurationList;
			buildConfigurations = (
				B3C3E2431D0C7411005B548C /* Debug */,
				B3C3E2441D0C7411005B548C /* Release */,
			);
			defaultConfigurationIsVisible = 0;
			defaultConfigurationName = Release;
		};
		B3C3E2451D0C7411005B548C /* Build configuration list for PBXNativeTarget "firstgame" */ = {
			isa = XCConfigurationList;
			buildConfigurations = (
				B3C3E2461D0C7411005B548C /* Debug */,
				B3C3E2471D0C7411005B548C /* Release */,
			);
			defaultConfigurationIsVisible = 0;
		};
		B3C3E2481D0C7411005B548C /* Build configuration list for PBXNativeTarget "firstgameTests" */ = {
			isa = XCConfigurationList;
			buildConfigurations = (
				B3C3E2491D0C7411005B548C /* Debug */,
				B3C3E24A1D0C7411005B548C /* Release */,
			);
			defaultConfigurationIsVisible = 0;
		};
		B3C3E24B1D0C7411005B548C /* Build configuration list for PBXNativeTarget "firstgameUITests" */ = {
			isa = XCConfigurationList;
			buildConfigurations = (
				B3C3E24C1D0C7411005B548C /* Debug */,
				B3C3E24D1D0C7411005B548C /* Release */,
			);
			defaultConfigurationIsVisible = 0;
		};
/* End XCConfigurationList section */
	};
	rootObject = B3C3E2151D0C7411005B548C /* Project object */;
}
